
Microsoft Visual Studio Solution File, Format Version 12.00
# Visual Studio Version 17
VisualStudioVersion = 17.11.35222.181
MinimumVisualStudioVersion = 10.0.40219.1
Project("{9A19103F-16F7-4668-BE54-9A1E7A4F7556}") = "ErgastF1", "ErgastF1\ErgastF1.csproj", "{B23D4E6F-D5A8-40B6-B709-A3430A7E368C}"
EndProject
Project("{FAE04EC0-301F-11D3-BF4B-00C04F79EFBC}") = "ErgastF1Test", "ErgastF1Test\ErgastF1Test.csproj", "{0564766E-3995-4779-905D-66EC41753381}"
EndProject
Global
	GlobalSection(SolutionConfigurationPlatforms) = preSolution
		Debug|Any CPU = Debug|Any CPU
		Release|Any CPU = Release|Any CPU
	EndGlobalSection
	GlobalSection(ProjectConfigurationPlatforms) = postSolution
		{B23D4E6F-D5A8-40B6-B709-A3430A7E368C}.Debug|Any CPU.ActiveCfg = Debug|Any CPU
		{B23D4E6F-D5A8-40B6-B709-A3430A7E368C}.Debug|Any CPU.Build.0 = Debug|Any CPU
		{B23D4E6F-D5A8-40B6-B709-A3430A7E368C}.Release|Any CPU.ActiveCfg = Release|Any CPU
		{B23D4E6F-D5A8-40B6-B709-A3430A7E368C}.Release|Any CPU.Build.0 = Release|Any CPU
		{0564766E-3995-4779-905D-66EC41753381}.Debug|Any CPU.ActiveCfg = Debug|Any CPU
		{0564766E-3995-4779-905D-66EC41753381}.Debug|Any CPU.Build.0 = Debug|Any CPU
		{0564766E-3995-4779-905D-66EC41753381}.Release|Any CPU.ActiveCfg = Release|Any CPU
		{0564766E-3995-4779-905D-66EC41753381}.Release|Any CPU.Build.0 = Release|Any CPU
	EndGlobalSection
	GlobalSection(SolutionProperties) = preSolution
		HideSolutionNode = FALSE
	EndGlobalSection
	GlobalSection(ExtensibilityGlobals) = postSolution
		SolutionGuid = {3A02975A-0CD5-40F8-A314-B9325E317060}
	EndGlobalSection
EndGlobal
